
Microsoft Visual Studio Solution File, Format Version 12.00
# Visual Studio Version 16
VisualStudioVersion = 16.0.29613.14
MinimumVisualStudioVersion = 10.0.40219.1
Project("{9A19103F-16F7-4668-BE54-9A1E7A4F7556}") = "BethanysPieShopHRMServer", "BethanysPieShopHRMServer\BethanysPieShopHRMServer.csproj", "{A08A704A-FA1A-488A-9E68-ED26E6EA910D}"
EndProject
Project("{9A19103F-16F7-4668-BE54-9A1E7A4F7556}") = "BethanysPieShopHRM.Shared", "BethanysPieShopHRM.Shared\BethanysPieShopHRM.Shared.csproj", "{09DCCA4A-4387-4215-AA08-8C1B877D2A4A}"
EndProject
Project("{9A19103F-16F7-4668-BE54-9A1E7A4F7556}") = "BethanysPieShopHRM.Api", "BethanysPieShopHRM.Api\BethanysPieShopHRM.Api.csproj", "{CFFB07E9-C7E8-4D25-8A1E-DEFFF585689C}"
EndProject
Global
	GlobalSection(SolutionConfigurationPlatforms) = preSolution
		Debug|Any CPU = Debug|Any CPU
		Release|Any CPU = Release|Any CPU
	EndGlobalSection
	GlobalSection(ProjectConfigurationPlatforms) = postSolution
		{A08A704A-FA1A-488A-9E68-ED26E6EA910D}.Debug|Any CPU.ActiveCfg = Debug|Any CPU
		{A08A704A-FA1A-488A-9E68-ED26E6EA910D}.Debug|Any CPU.Build.0 = Debug|Any CPU
		{A08A704A-FA1A-488A-9E68-ED26E6EA910D}.Release|Any CPU.ActiveCfg = Release|Any CPU
		{A08A704A-FA1A-488A-9E68-ED26E6EA910D}.Release|Any CPU.Build.0 = Release|Any CPU
		{09DCCA4A-4387-4215-AA08-8C1B877D2A4A}.Debug|Any CPU.ActiveCfg = Debug|Any CPU
		{09DCCA4A-4387-4215-AA08-8C1B877D2A4A}.Debug|Any CPU.Build.0 = Debug|Any CPU
		{09DCCA4A-4387-4215-AA08-8C1B877D2A4A}.Release|Any CPU.ActiveCfg = Release|Any CPU
		{09DCCA4A-4387-4215-AA08-8C1B877D2A4A}.Release|Any CPU.Build.0 = Release|Any CPU
		{CFFB07E9-C7E8-4D25-8A1E-DEFFF585689C}.Debug|Any CPU.ActiveCfg = Debug|Any CPU
		{CFFB07E9-C7E8-4D25-8A1E-DEFFF585689C}.Debug|Any CPU.Build.0 = Debug|Any CPU
		{CFFB07E9-C7E8-4D25-8A1E-DEFFF585689C}.Release|Any CPU.ActiveCfg = Release|Any CPU
		{CFFB07E9-C7E8-4D25-8A1E-DEFFF585689C}.Release|Any CPU.Build.0 = Release|Any CPU
	EndGlobalSection
	GlobalSection(SolutionProperties) = preSolution
		HideSolutionNode = FALSE
	EndGlobalSection
	GlobalSection(ExtensibilityGlobals) = postSolution
		SolutionGuid = {4113984A-539C-4F87-BB2A-5817E5F52B87}
	EndGlobalSection
EndGlobal
